
Microsoft Visual Studio Solution File, Format Version 12.00
# Visual Studio Version 16
VisualStudioVersion = 16.0.31005.135
MinimumVisualStudioVersion = 10.0.40219.1
Project("{888888A0-9F3D-457C-B088-3A5042F75D52}") = "MetodosNumericos", "MetodosNumericos.pyproj", "{7E8158BD-DD21-46C4-A437-D372C0AD0A07}"
EndProject
Global
	GlobalSection(SolutionConfigurationPlatforms) = preSolution
		Debug|Any CPU = Debug|Any CPU
		Release|Any CPU = Release|Any CPU
	EndGlobalSection
	GlobalSection(ProjectConfigurationPlatforms) = postSolution
		{7E8158BD-DD21-46C4-A437-D372C0AD0A07}.Debug|Any CPU.ActiveCfg = Debug|Any CPU
		{7E8158BD-DD21-46C4-A437-D372C0AD0A07}.Release|Any CPU.ActiveCfg = Release|Any CPU
	EndGlobalSection
	GlobalSection(SolutionProperties) = preSolution
		HideSolutionNode = FALSE
	EndGlobalSection
	GlobalSection(ExtensibilityGlobals) = postSolution
		SolutionGuid = {5BEBFDF2-562C-41E1-89D6-C96C8FB3E417}
	EndGlobalSection
EndGlobal
